// !$*UTF8*$!
{
	archiveVersion = 1;
	classes = {
	};
	objectVersion = 56;
	objects = {

/* Begin PBXBuildFile section */
		63862AB229E820B7001ABE4C /* AppDelegate.swift in Sources */ = {isa = PBXBuildFile; fileRef = 63862AB129E820B7001ABE4C /* AppDelegate.swift */; };
		63862AB429E820B7001ABE4C /* SceneDelegate.swift in Sources */ = {isa = PBXBuildFile; fileRef = 63862AB329E820B7001ABE4C /* SceneDelegate.swift */; };
		63862AB929E820B7001ABE4C /* Main.storyboard in Resources */ = {isa = PBXBuildFile; fileRef = 63862AB729E820B7001ABE4C /* Main.storyboard */; };
		63862ABB29E820BA001ABE4C /* Assets.xcassets in Resources */ = {isa = PBXBuildFile; fileRef = 63862ABA29E820BA001ABE4C /* Assets.xcassets */; };
		63862ABE29E820BA001ABE4C /* LaunchScreen.storyboard in Resources */ = {isa = PBXBuildFile; fileRef = 63862ABC29E820BA001ABE4C /* LaunchScreen.storyboard */; };
		63862ACB29E86295001ABE4C /* MovieListViewController.swift in Sources */ = {isa = PBXBuildFile; fileRef = 63862ACA29E86295001ABE4C /* MovieListViewController.swift */; };
		63862B1229E86328001ABE4C /* Movies.xcdatamodeld in Sources */ = {isa = PBXBuildFile; fileRef = 63862B1029E86328001ABE4C /* Movies.xcdatamodeld */; };
		63862B1729E86481001ABE4C /* NetworkManager.swift in Sources */ = {isa = PBXBuildFile; fileRef = 63862B1629E86481001ABE4C /* NetworkManager.swift */; };
		63862B1929E86564001ABE4C /* MovieListModel.swift in Sources */ = {isa = PBXBuildFile; fileRef = 63862B1829E86564001ABE4C /* MovieListModel.swift */; };
		63862B1B29E865E6001ABE4C /* CRUD.swift in Sources */ = {isa = PBXBuildFile; fileRef = 63862B1A29E865E6001ABE4C /* CRUD.swift */; };
		63862B1D29E8685D001ABE4C /* MoviesListViewModel.swift in Sources */ = {isa = PBXBuildFile; fileRef = 63862B1C29E8685D001ABE4C /* MoviesListViewModel.swift */; };
		63862B2229E9A950001ABE4C /* ImageDownloader.swift in Sources */ = {isa = PBXBuildFile; fileRef = 63862B2129E9A950001ABE4C /* ImageDownloader.swift */; };
		63862B2429E9B460001ABE4C /* MovieListCollectionViewCell.swift in Sources */ = {isa = PBXBuildFile; fileRef = 63862B2329E9B460001ABE4C /* MovieListCollectionViewCell.swift */; };
		63862B2729E9C70B001ABE4C /* MovieDetailsViewController.swift in Sources */ = {isa = PBXBuildFile; fileRef = 63862B2629E9C70A001ABE4C /* MovieDetailsViewController.swift */; };
		63862B2A29EAC01D001ABE4C /* FavoritesViewController.swift in Sources */ = {isa = PBXBuildFile; fileRef = 63862B2929EAC01D001ABE4C /* FavoritesViewController.swift */; };
		63862B2C29EACC25001ABE4C /* Reachability.swift in Sources */ = {isa = PBXBuildFile; fileRef = 63862B2B29EACC25001ABE4C /* Reachability.swift */; };
		63862B2F29EAD058001ABE4C /* SwiftLoader.swift in Sources */ = {isa = PBXBuildFile; fileRef = 63862B2E29EAD058001ABE4C /* SwiftLoader.swift */; };
		BA522EBECAB156A59AA05179 /* Pods_Movies.framework in Frameworks */ = {isa = PBXBuildFile; fileRef = CE727755E7EA4AC887DA1279 /* Pods_Movies.framework */; };
/* End PBXBuildFile section */

/* Begin PBXFileReference section */
		0BBF54598C39AB1BF0DE431E /* Pods-Movies.release.xcconfig */ = {isa = PBXFileReference; includeInIndex = 1; lastKnownFileType = text.xcconfig; name = "Pods-Movies.release.xcconfig"; path = "Target Support Files/Pods-Movies/Pods-Movies.release.xcconfig"; sourceTree = "<group>"; };
		434E9636170914B3B13D6BF9 /* Pods-Movies.debug.xcconfig */ = {isa = PBXFileReference; includeInIndex = 1; lastKnownFileType = text.xcconfig; name = "Pods-Movies.debug.xcconfig"; path = "Target Support Files/Pods-Movies/Pods-Movies.debug.xcconfig"; sourceTree = "<group>"; };
		63862AAE29E820B7001ABE4C /* Movies.app */ = {isa = PBXFileReference; explicitFileType = wrapper.application; includeInIndex = 0; path = Movies.app; sourceTree = BUILT_PRODUCTS_DIR; };
		63862AB129E820B7001ABE4C /* AppDelegate.swift */ = {isa = PBXFileReference; lastKnownFileType = sourcecode.swift; path = AppDelegate.swift; sourceTree = "<group>"; };
		63862AB329E820B7001ABE4C /* SceneDelegate.swift */ = {isa = PBXFileReference; lastKnownFileType = sourcecode.swift; path = SceneDelegate.swift; sourceTree = "<group>"; };
		63862AB829E820B7001ABE4C /* Base */ = {isa = PBXFileReference; lastKnownFileType = file.storyboard; name = Base; path = Base.lproj/Main.storyboard; sourceTree = "<group>"; };
		63862ABA29E820BA001ABE4C /* Assets.xcassets */ = {isa = PBXFileReference; lastKnownFileType = folder.assetcatalog; path = Assets.xcassets; sourceTree = "<group>"; };
		63862ABD29E820BA001ABE4C /* Base */ = {isa = PBXFileReference; lastKnownFileType = file.storyboard; name = Base; path = Base.lproj/LaunchScreen.storyboard; sourceTree = "<group>"; };
		63862ABF29E820BA001ABE4C /* Info.plist */ = {isa = PBXFileReference; lastKnownFileType = text.plist.xml; path = Info.plist; sourceTree = "<group>"; };
		63862ACA29E86295001ABE4C /* MovieListViewController.swift */ = {isa = PBXFileReference; lastKnownFileType = sourcecode.swift; path = MovieListViewController.swift; sourceTree = "<group>"; };
		63862B1129E86328001ABE4C /* Movies.xcdatamodel */ = {isa = PBXFileReference; lastKnownFileType = wrapper.xcdatamodel; path = Movies.xcdatamodel; sourceTree = "<group>"; };
		63862B1629E86481001ABE4C /* NetworkManager.swift */ = {isa = PBXFileReference; lastKnownFileType = sourcecode.swift; path = NetworkManager.swift; sourceTree = "<group>"; };
		63862B1829E86564001ABE4C /* MovieListModel.swift */ = {isa = PBXFileReference; lastKnownFileType = sourcecode.swift; path = MovieListModel.swift; sourceTree = "<group>"; };
		63862B1A29E865E6001ABE4C /* CRUD.swift */ = {isa = PBXFileReference; lastKnownFileType = sourcecode.swift; path = CRUD.swift; sourceTree = "<group>"; };
		63862B1C29E8685D001ABE4C /* MoviesListViewModel.swift */ = {isa = PBXFileReference; lastKnownFileType = sourcecode.swift; path = MoviesListViewModel.swift; sourceTree = "<group>"; };
		63862B2129E9A950001ABE4C /* ImageDownloader.swift */ = {isa = PBXFileReference; lastKnownFileType = sourcecode.swift; path = ImageDownloader.swift; sourceTree = "<group>"; };
		63862B2329E9B460001ABE4C /* MovieListCollectionViewCell.swift */ = {isa = PBXFileReference; lastKnownFileType = sourcecode.swift; path = MovieListCollectionViewCell.swift; sourceTree = "<group>"; };
		63862B2629E9C70A001ABE4C /* MovieDetailsViewController.swift */ = {isa = PBXFileReference; lastKnownFileType = sourcecode.swift; path = MovieDetailsViewController.swift; sourceTree = "<group>"; };
		63862B2929EAC01D001ABE4C /* FavoritesViewController.swift */ = {isa = PBXFileReference; lastKnownFileType = sourcecode.swift; path = FavoritesViewController.swift; sourceTree = "<group>"; };
		63862B2B29EACC25001ABE4C /* Reachability.swift */ = {isa = PBXFileReference; lastKnownFileType = sourcecode.swift; path = Reachability.swift; sourceTree = "<group>"; };
		63862B2E29EAD058001ABE4C /* SwiftLoader.swift */ = {isa = PBXFileReference; lastKnownFileType = sourcecode.swift; path = SwiftLoader.swift; sourceTree = "<group>"; };
		CE727755E7EA4AC887DA1279 /* Pods_Movies.framework */ = {isa = PBXFileReference; explicitFileType = wrapper.framework; includeInIndex = 0; path = Pods_Movies.framework; sourceTree = BUILT_PRODUCTS_DIR; };
/* End PBXFileReference section */

/* Begin PBXFrameworksBuildPhase section */
		63862AAB29E820B7001ABE4C /* Frameworks */ = {
			isa = PBXFrameworksBuildPhase;
			buildActionMask = 2147483647;
			files = (
				BA522EBECAB156A59AA05179 /* Pods_Movies.framework in Frameworks */,
			);
			runOnlyForDeploymentPostprocessing = 0;
		};
/* End PBXFrameworksBuildPhase section */

/* Begin PBXGroup section */
		63862AA529E820B7001ABE4C = {
			isa = PBXGroup;
			children = (
				63862AB029E820B7001ABE4C /* Movies */,
				63862AAF29E820B7001ABE4C /* Products */,
				AC4C1B2EDD2A6ABC88D17766 /* Pods */,
				FF9D9B018E7A4BB38088C9D9 /* Frameworks */,
			);
			sourceTree = "<group>";
		};
		63862AAF29E820B7001ABE4C /* Products */ = {
			isa = PBXGroup;
			children = (
				63862AAE29E820B7001ABE4C /* Movies.app */,
			);
			name = Products;
			sourceTree = "<group>";
		};
		63862AB029E820B7001ABE4C /* Movies */ = {
			isa = PBXGroup;
			children = (
				63862AB129E820B7001ABE4C /* AppDelegate.swift */,
				63862AB329E820B7001ABE4C /* SceneDelegate.swift */,
				63862B2D29EAD047001ABE4C /* Loader */,
				63862B0F29E86312001ABE4C /* DataBase */,
				63862B1329E8636D001ABE4C /* NetworkManager */,
				63862AC529E86232001ABE4C /* Controller */,
				63862AB729E820B7001ABE4C /* Main.storyboard */,
				63862ABA29E820BA001ABE4C /* Assets.xcassets */,
				63862ABC29E820BA001ABE4C /* LaunchScreen.storyboard */,
				63862ABF29E820BA001ABE4C /* Info.plist */,
			);
			path = Movies;
			sourceTree = "<group>";
		};
		63862AC529E86232001ABE4C /* Controller */ = {
			isa = PBXGroup;
			children = (
				63862B2829EABFD6001ABE4C /* FavouriteMovie */,
				63862B2529E9C6E0001ABE4C /* MovieDetails */,
				63862AC629E8623A001ABE4C /* MovieList */,
			);
			path = Controller;
			sourceTree = "<group>";
		};
		63862AC629E8623A001ABE4C /* MovieList */ = {
			isa = PBXGroup;
			children = (
				63862AC729E86245001ABE4C /* Model */,
				63862AC929E8625E001ABE4C /* View */,
				63862AC829E8624A001ABE4C /* ViewModel */,
			);
			path = MovieList;
			sourceTree = "<group>";
		};
		63862AC729E86245001ABE4C /* Model */ = {
			isa = PBXGroup;
			children = (
				63862B1829E86564001ABE4C /* MovieListModel.swift */,
			);
			path = Model;
			sourceTree = "<group>";
		};
		63862AC829E8624A001ABE4C /* ViewModel */ = {
			isa = PBXGroup;
			children = (
				63862B1C29E8685D001ABE4C /* MoviesListViewModel.swift */,
			);
			path = ViewModel;
			sourceTree = "<group>";
		};
		63862AC929E8625E001ABE4C /* View */ = {
			isa = PBXGroup;
			children = (
				63862B1E29E86D78001ABE4C /* Cell */,
				63862ACA29E86295001ABE4C /* MovieListViewController.swift */,
			);
			path = View;
			sourceTree = "<group>";
		};
		63862B0F29E86312001ABE4C /* DataBase */ = {
			isa = PBXGroup;
			children = (
				63862B1029E86328001ABE4C /* Movies.xcdatamodeld */,
				63862B1A29E865E6001ABE4C /* CRUD.swift */,
			);
			path = DataBase;
			sourceTree = "<group>";
		};
		63862B1329E8636D001ABE4C /* NetworkManager */ = {
			isa = PBXGroup;
			children = (
				63862B1629E86481001ABE4C /* NetworkManager.swift */,
				63862B2129E9A950001ABE4C /* ImageDownloader.swift */,
				63862B2B29EACC25001ABE4C /* Reachability.swift */,
			);
			path = NetworkManager;
			sourceTree = "<group>";
		};
		63862B1E29E86D78001ABE4C /* Cell */ = {
			isa = PBXGroup;
			children = (
				63862B2329E9B460001ABE4C /* MovieListCollectionViewCell.swift */,
			);
			path = Cell;
			sourceTree = "<group>";
		};
		63862B2529E9C6E0001ABE4C /* MovieDetails */ = {
			isa = PBXGroup;
			children = (
				63862B2629E9C70A001ABE4C /* MovieDetailsViewController.swift */,
			);
			path = MovieDetails;
			sourceTree = "<group>";
		};
		63862B2829EABFD6001ABE4C /* FavouriteMovie */ = {
			isa = PBXGroup;
			children = (
				63862B2929EAC01D001ABE4C /* FavoritesViewController.swift */,
			);
			path = FavouriteMovie;
			sourceTree = "<group>";
		};
		63862B2D29EAD047001ABE4C /* Loader */ = {
			isa = PBXGroup;
			children = (
				63862B2E29EAD058001ABE4C /* SwiftLoader.swift */,
			);
			path = Loader;
			sourceTree = "<group>";
		};
		AC4C1B2EDD2A6ABC88D17766 /* Pods */ = {
			isa = PBXGroup;
			children = (
				434E9636170914B3B13D6BF9 /* Pods-Movies.debug.xcconfig */,
				0BBF54598C39AB1BF0DE431E /* Pods-Movies.release.xcconfig */,
			);
			path = Pods;
			sourceTree = "<group>";
		};
		FF9D9B018E7A4BB38088C9D9 /* Frameworks */ = {
			isa = PBXGroup;
			children = (
				CE727755E7EA4AC887DA1279 /* Pods_Movies.framework */,
			);
			name = Frameworks;
			sourceTree = "<group>";
		};
/* End PBXGroup section */

/* Begin PBXNativeTarget section */
		63862AAD29E820B7001ABE4C /* Movies */ = {
			isa = PBXNativeTarget;
			buildConfigurationList = 63862AC229E820BA001ABE4C /* Build configuration list for PBXNativeTarget "Movies" */;
			buildPhases = (
				341681EA9F6A0DA9A6A58E1C /* [CP] Check Pods Manifest.lock */,
				63862AAA29E820B7001ABE4C /* Sources */,
				63862AAB29E820B7001ABE4C /* Frameworks */,
				63862AAC29E820B7001ABE4C /* Resources */,
				74EE42DBACB56EE017D7FF4B /* [CP] Embed Pods Frameworks */,
			);
			buildRules = (
			);
			dependencies = (
			);
			name = Movies;
			productName = Movies;
			productReference = 63862AAE29E820B7001ABE4C /* Movies.app */;
			productType = "com.apple.product-type.application";
		};
/* End PBXNativeTarget section */

/* Begin PBXProject section */
		63862AA629E820B7001ABE4C /* Project object */ = {
			isa = PBXProject;
			attributes = {
				BuildIndependentTargetsInParallel = 1;
				LastSwiftUpdateCheck = 1410;
				LastUpgradeCheck = 1410;
				TargetAttributes = {
					63862AAD29E820B7001ABE4C = {
						CreatedOnToolsVersion = 14.1;
					};
				};
			};
			buildConfigurationList = 63862AA929E820B7001ABE4C /* Build configuration list for PBXProject "Movies" */;
			compatibilityVersion = "Xcode 14.0";
			developmentRegion = en;
			hasScannedForEncodings = 0;
			knownRegions = (
				en,
				Base,
			);
			mainGroup = 63862AA529E820B7001ABE4C;
			productRefGroup = 63862AAF29E820B7001ABE4C /* Products */;
			projectDirPath = "";
			projectRoot = "";
			targets = (
				63862AAD29E820B7001ABE4C /* Movies */,
			);
		};
/* End PBXProject section */

/* Begin PBXResourcesBuildPhase section */
		63862AAC29E820B7001ABE4C /* Resources */ = {
			isa = PBXResourcesBuildPhase;
			buildActionMask = 2147483647;
			files = (
				63862ABE29E820BA001ABE4C /* LaunchScreen.storyboard in Resources */,
				63862ABB29E820BA001ABE4C /* Assets.xcassets in Resources */,
				63862AB929E820B7001ABE4C /* Main.storyboard in Resources */,
			);
			runOnlyForDeploymentPostprocessing = 0;
		};
/* End PBXResourcesBuildPhase section */

/* Begin PBXShellScriptBuildPhase section */
		341681EA9F6A0DA9A6A58E1C /* [CP] Check Pods Manifest.lock */ = {
			isa = PBXShellScriptBuildPhase;
			buildActionMask = 2147483647;
			files = (
			);
			inputFileListPaths = (
			);
			inputPaths = (
				"${PODS_PODFILE_DIR_PATH}/Podfile.lock",
				"${PODS_ROOT}/Manifest.lock",
			);
			name = "[CP] Check Pods Manifest.lock";
			outputFileListPaths = (
			);
			outputPaths = (
				"$(DERIVED_FILE_DIR)/Pods-Movies-checkManifestLockResult.txt",
			);
			runOnlyForDeploymentPostprocessing = 0;
			shellPath = /bin/sh;
			shellScript = "diff \"${PODS_PODFILE_DIR_PATH}/Podfile.lock\" \"${PODS_ROOT}/Manifest.lock\" > /dev/null\nif [ $? != 0 ] ; then\n    # print error to STDERR\n    echo \"error: The sandbox is not in sync with the Podfile.lock. Run 'pod install' or update your CocoaPods installation.\" >&2\n    exit 1\nfi\n# This output is used by Xcode 'outputs' to avoid re-running this script phase.\necho \"SUCCESS\" > \"${SCRIPT_OUTPUT_FILE_0}\"\n";
			showEnvVarsInLog = 0;
		};
		74EE42DBACB56EE017D7FF4B /* [CP] Embed Pods Frameworks */ = {
			isa = PBXShellScriptBuildPhase;
			buildActionMask = 2147483647;
			files = (
			);
			inputFileListPaths = (
				"${PODS_ROOT}/Target Support Files/Pods-Movies/Pods-Movies-frameworks-${CONFIGURATION}-input-files.xcfilelist",
			);
			name = "[CP] Embed Pods Frameworks";
			outputFileListPaths = (
				"${PODS_ROOT}/Target Support Files/Pods-Movies/Pods-Movies-frameworks-${CONFIGURATION}-output-files.xcfilelist",
			);
			runOnlyForDeploymentPostprocessing = 0;
			shellPath = /bin/sh;
			shellScript = "\"${PODS_ROOT}/Target Support Files/Pods-Movies/Pods-Movies-frameworks.sh\"\n";
			showEnvVarsInLog = 0;
		};
/* End PBXShellScriptBuildPhase section */

/* Begin PBXSourcesBuildPhase section */
		63862AAA29E820B7001ABE4C /* Sources */ = {
			isa = PBXSourcesBuildPhase;
			buildActionMask = 2147483647;
			files = (
				63862B1929E86564001ABE4C /* MovieListModel.swift in Sources */,
				63862B1729E86481001ABE4C /* NetworkManager.swift in Sources */,
				63862ACB29E86295001ABE4C /* MovieListViewController.swift in Sources */,
				63862B1B29E865E6001ABE4C /* CRUD.swift in Sources */,
				63862B2F29EAD058001ABE4C /* SwiftLoader.swift in Sources */,
				63862B2A29EAC01D001ABE4C /* FavoritesViewController.swift in Sources */,
				63862AB229E820B7001ABE4C /* AppDelegate.swift in Sources */,
				63862B1229E86328001ABE4C /* Movies.xcdatamodeld in Sources */,
				63862B2229E9A950001ABE4C /* ImageDownloader.swift in Sources */,
				63862AB429E820B7001ABE4C /* SceneDelegate.swift in Sources */,
				63862B2729E9C70B001ABE4C /* MovieDetailsViewController.swift in Sources */,
				63862B2429E9B460001ABE4C /* MovieListCollectionViewCell.swift in Sources */,
				63862B1D29E8685D001ABE4C /* MoviesListViewModel.swift in Sources */,
				63862B2C29EACC25001ABE4C /* Reachability.swift in Sources */,
			);
			runOnlyForDeploymentPostprocessing = 0;
		};
/* End PBXSourcesBuildPhase section */

/* Begin PBXVariantGroup section */
		63862AB729E820B7001ABE4C /* Main.storyboard */ = {
			isa = PBXVariantGroup;
			children = (
				63862AB829E820B7001ABE4C /* Base */,
			);
			name = Main.storyboard;
			sourceTree = "<group>";
		};
		63862ABC29E820BA001ABE4C /* LaunchScreen.storyboard */ = {
			isa = PBXVariantGroup;
			children = (
				63862ABD29E820BA001ABE4C /* Base */,
			);
			name = LaunchScreen.storyboard;
			sourceTree = "<group>";
		};
/* End PBXVariantGroup section */

/* Begin XCBuildConfiguration section */
		63862AC029E820BA001ABE4C /* Debug */ = {
			isa = XCBuildConfiguration;
			buildSettings = {
				ALWAYS_SEARCH_USER_PATHS = NO;
				CLANG_ANALYZER_NONNULL = YES;
				CLANG_ANALYZER_NUMBER_OBJECT_CONVERSION = YES_AGGRESSIVE;
				CLANG_CXX_LANGUAGE_STANDARD = "gnu++20";
				CLANG_ENABLE_MODULES = YES;
				CLANG_ENABLE_OBJC_ARC = YES;
				CLANG_ENABLE_OBJC_WEAK = YES;
				CLANG_WARN_BLOCK_CAPTURE_AUTORELEASING = YES;
				CLANG_WARN_BOOL_CONVERSION = YES;
				CLANG_WARN_COMMA = YES;
				CLANG_WARN_CONSTANT_CONVERSION = YES;
				CLANG_WARN_DEPRECATED_OBJC_IMPLEMENTATIONS = YES;
				CLANG_WARN_DIRECT_OBJC_ISA_USAGE = YES_ERROR;
				CLANG_WARN_DOCUMENTATION_COMMENTS = YES;
				CLANG_WARN_EMPTY_BODY = YES;
				CLANG_WARN_ENUM_CONVERSION = YES;
				CLANG_WARN_INFINITE_RECURSION = YES;
				CLANG_WARN_INT_CONVERSION = YES;
				CLANG_WARN_NON_LITERAL_NULL_CONVERSION = YES;
				CLANG_WARN_OBJC_IMPLICIT_RETAIN_SELF = YES;
				CLANG_WARN_OBJC_LITERAL_CONVERSION = YES;
				CLANG_WARN_OBJC_ROOT_CLASS = YES_ERROR;
				CLANG_WARN_QUOTED_INCLUDE_IN_FRAMEWORK_HEADER = YES;
				CLANG_WARN_RANGE_LOOP_ANALYSIS = YES;
				CLANG_WARN_STRICT_PROTOTYPES = YES;
				CLANG_WARN_SUSPICIOUS_MOVE = YES;
				CLANG_WARN_UNGUARDED_AVAILABILITY = YES_AGGRESSIVE;
				CLANG_WARN_UNREACHABLE_CODE = YES;
				CLANG_WARN__DUPLICATE_METHOD_MATCH = YES;
				COPY_PHASE_STRIP = NO;
				DEBUG_INFORMATION_FORMAT = dwarf;
				ENABLE_STRICT_OBJC_MSGSEND = YES;
				ENABLE_TESTABILITY = YES;
				GCC_C_LANGUAGE_STANDARD = gnu11;
				GCC_DYNAMIC_NO_PIC = NO;
				GCC_NO_COMMON_BLOCKS = YES;
				GCC_OPTIMIZATION_LEVEL = 0;
				GCC_PREPROCESSOR_DEFINITIONS = (
					"DEBUG=1",
					"$(inherited)",
				);
				GCC_WARN_64_TO_32_BIT_CONVERSION = YES;
				GCC_WARN_ABOUT_RETURN_TYPE = YES_ERROR;
				GCC_WARN_UNDECLARED_SELECTOR = YES;
				GCC_WARN_UNINITIALIZED_AUTOS = YES_AGGRESSIVE;
				GCC_WARN_UNUSED_FUNCTION = YES;
				GCC_WARN_UNUSED_VARIABLE = YES;
				IPHONEOS_DEPLOYMENT_TARGET = 16.1;
				MTL_ENABLE_DEBUG_INFO = INCLUDE_SOURCE;
				MTL_FAST_MATH = YES;
				ONLY_ACTIVE_ARCH = YES;
				SDKROOT = iphoneos;
				SWIFT_ACTIVE_COMPILATION_CONDITIONS = DEBUG;
				SWIFT_OPTIMIZATION_LEVEL = "-Onone";
			};
			name = Debug;
		};
		63862AC129E820BA001ABE4C /* Release */ = {
			isa = XCBuildConfiguration;
			buildSettings = {
				ALWAYS_SEARCH_USER_PATHS = NO;
				CLANG_ANALYZER_NONNULL = YES;
				CLANG_ANALYZER_NUMBER_OBJECT_CONVERSION = YES_AGGRESSIVE;
				CLANG_CXX_LANGUAGE_STANDARD = "gnu++20";
				CLANG_ENABLE_MODULES = YES;
				CLANG_ENABLE_OBJC_ARC = YES;
				CLANG_ENABLE_OBJC_WEAK = YES;
				CLANG_WARN_BLOCK_CAPTURE_AUTORELEASING = YES;
				CLANG_WARN_BOOL_CONVERSION = YES;
				CLANG_WARN_COMMA = YES;
				CLANG_WARN_CONSTANT_CONVERSION = YES;
				CLANG_WARN_DEPRECATED_OBJC_IMPLEMENTATIONS = YES;
				CLANG_WARN_DIRECT_OBJC_ISA_USAGE = YES_ERROR;
				CLANG_WARN_DOCUMENTATION_COMMENTS = YES;
				CLANG_WARN_EMPTY_BODY = YES;
				CLANG_WARN_ENUM_CONVERSION = YES;
				CLANG_WARN_INFINITE_RECURSION = YES;
				CLANG_WARN_INT_CONVERSION = YES;
				CLANG_WARN_NON_LITERAL_NULL_CONVERSION = YES;
				CLANG_WARN_OBJC_IMPLICIT_RETAIN_SELF = YES;
				CLANG_WARN_OBJC_LITERAL_CONVERSION = YES;
				CLANG_WARN_OBJC_ROOT_CLASS = YES_ERROR;
				CLANG_WARN_QUOTED_INCLUDE_IN_FRAMEWORK_HEADER = YES;
				CLANG_WARN_RANGE_LOOP_ANALYSIS = YES;
				CLANG_WARN_STRICT_PROTOTYPES = YES;
				CLANG_WARN_SUSPICIOUS_MOVE = YES;
				CLANG_WARN_UNGUARDED_AVAILABILITY = YES_AGGRESSIVE;
				CLANG_WARN_UNREACHABLE_CODE = YES;
				CLANG_WARN__DUPLICATE_METHOD_MATCH = YES;
				COPY_PHASE_STRIP = NO;
				DEBUG_INFORMATION_FORMAT = "dwarf-with-dsym";
				ENABLE_NS_ASSERTIONS = NO;
				ENABLE_STRICT_OBJC_MSGSEND = YES;
				GCC_C_LANGUAGE_STANDARD = gnu11;
				GCC_NO_COMMON_BLOCKS = YES;
				GCC_WARN_64_TO_32_BIT_CONVERSION = YES;
				GCC_WARN_ABOUT_RETURN_TYPE = YES_ERROR;
				GCC_WARN_UNDECLARED_SELECTOR = YES;
				GCC_WARN_UNINITIALIZED_AUTOS = YES_AGGRESSIVE;
				GCC_WARN_UNUSED_FUNCTION = YES;
				GCC_WARN_UNUSED_VARIABLE = YES;
				IPHONEOS_DEPLOYMENT_TARGET = 16.1;
				MTL_ENABLE_DEBUG_INFO = NO;
				MTL_FAST_MATH = YES;
				SDKROOT = iphoneos;
				SWIFT_COMPILATION_MODE = wholemodule;
				SWIFT_OPTIMIZATION_LEVEL = "-O";
				VALIDATE_PRODUCT = YES;
			};
			name = Release;
		};
		63862AC329E820BA001ABE4C /* Debug */ = {
			isa = XCBuildConfiguration;
			baseConfigurationReference = 434E9636170914B3B13D6BF9 /* Pods-Movies.debug.xcconfig */;
			buildSettings = {
				ASSETCATALOG_COMPILER_APPICON_NAME = AppIcon;
				ASSETCATALOG_COMPILER_GLOBAL_ACCENT_COLOR_NAME = AccentColor;
				CODE_SIGN_IDENTITY = "Apple Development";
				CODE_SIGN_STYLE = Automatic;
				CURRENT_PROJECT_VERSION = 1;
				DEVELOPMENT_TEAM = RXK9GGZNB3;
				GENERATE_INFOPLIST_FILE = YES;
				INFOPLIST_FILE = Movies/Info.plist;
				INFOPLIST_KEY_UIApplicationSupportsIndirectInputEvents = YES;
				INFOPLIST_KEY_UILaunchStoryboardName = LaunchScreen;
				INFOPLIST_KEY_UIMainStoryboardFile = Main;
				INFOPLIST_KEY_UISupportedInterfaceOrientations_iPad = "UIInterfaceOrientationPortrait UIInterfaceOrientationPortraitUpsideDown UIInterfaceOrientationLandscapeLeft UIInterfaceOrientationLandscapeRight";
				INFOPLIST_KEY_UISupportedInterfaceOrientations_iPhone = "UIInterfaceOrientationPortrait UIInterfaceOrientationLandscapeLeft UIInterfaceOrientationLandscapeRight";
				LD_RUNPATH_SEARCH_PATHS = (
					"$(inherited)",
					"@executable_path/Frameworks",
				);
				MARKETING_VERSION = 1.0;
				PRODUCT_BUNDLE_IDENTIFIER = com.Movies;
				PRODUCT_NAME = "$(TARGET_NAME)";
				PROVISIONING_PROFILE_SPECIFIER = "";
				SWIFT_EMIT_LOC_STRINGS = YES;
				SWIFT_VERSION = 5.0;
				TARGETED_DEVICE_FAMILY = "1,2";
			};
			name = Debug;
		};
		63862AC429E820BA001ABE4C /* Release */ = {
			isa = XCBuildConfiguration;
			baseConfigurationReference = 0BBF54598C39AB1BF0DE431E /* Pods-Movies.release.xcconfig */;
			buildSettings = {
				ASSETCATALOG_COMPILER_APPICON_NAME = AppIcon;
				ASSETCATALOG_COMPILER_GLOBAL_ACCENT_COLOR_NAME = AccentColor;
				CODE_SIGN_IDENTITY = "Apple Development";
				CODE_SIGN_STYLE = Automatic;
				CURRENT_PROJECT_VERSION = 1;
				DEVELOPMENT_TEAM = RXK9GGZNB3;
				GENERATE_INFOPLIST_FILE = YES;
				INFOPLIST_FILE = Movies/Info.plist;
				INFOPLIST_KEY_UIApplicationSupportsIndirectInputEvents = YES;
				INFOPLIST_KEY_UILaunchStoryboardName = LaunchScreen;
				INFOPLIST_KEY_UIMainStoryboardFile = Main;
				INFOPLIST_KEY_UISupportedInterfaceOrientations_iPad = "UIInterfaceOrientationPortrait UIInterfaceOrientationPortraitUpsideDown UIInterfaceOrientationLandscapeLeft UIInterfaceOrientationLandscapeRight";
				INFOPLIST_KEY_UISupportedInterfaceOrientations_iPhone = "UIInterfaceOrientationPortrait UIInterfaceOrientationLandscapeLeft UIInterfaceOrientationLandscapeRight";
				LD_RUNPATH_SEARCH_PATHS = (
					"$(inherited)",
					"@executable_path/Frameworks",
				);
				MARKETING_VERSION = 1.0;
				PRODUCT_BUNDLE_IDENTIFIER = com.Movies;
				PRODUCT_NAME = "$(TARGET_NAME)";
				PROVISIONING_PROFILE_SPECIFIER = "";
				SWIFT_EMIT_LOC_STRINGS = YES;
				SWIFT_VERSION = 5.0;
				TARGETED_DEVICE_FAMILY = "1,2";
			};
			name = Release;
		};
/* End XCBuildConfiguration section */

/* Begin XCConfigurationList section */
		63862AA929E820B7001ABE4C /* Build configuration list for PBXProject "Movies" */ = {
			isa = XCConfigurationList;
			buildConfigurations = (
				63862AC029E820BA001ABE4C /* Debug */,
				63862AC129E820BA001ABE4C /* Release */,
			);
			defaultConfigurationIsVisible = 0;
			defaultConfigurationName = Release;
		};
		63862AC229E820BA001ABE4C /* Build configuration list for PBXNativeTarget "Movies" */ = {
			isa = XCConfigurationList;
			buildConfigurations = (
				63862AC329E820BA001ABE4C /* Debug */,
				63862AC429E820BA001ABE4C /* Release */,
			);
			defaultConfigurationIsVisible = 0;
			defaultConfigurationName = Release;
		};
/* End XCConfigurationList section */

/* Begin XCVersionGroup section */
		63862B1029E86328001ABE4C /* Movies.xcdatamodeld */ = {
			isa = XCVersionGroup;
			children = (
				63862B1129E86328001ABE4C /* Movies.xcdatamodel */,
			);
			currentVersion = 63862B1129E86328001ABE4C /* Movies.xcdatamodel */;
			path = Movies.xcdatamodeld;
			sourceTree = "<group>";
			versionGroupType = wrapper.xcdatamodel;
		};
/* End XCVersionGroup section */
	};
	rootObject = 63862AA629E820B7001ABE4C /* Project object */;
}
